// !$*UTF8*$!
{
	archiveVersion = 1;
	classes = {
	};
	objectVersion = 46;
	objects = {

/* Begin PBXBuildFile section */
		ABF8EBA71C49776000477D72 /* AppDelegate.swift in Sources */ = {isa = PBXBuildFile; fileRef = ABF8EBA61C49776000477D72 /* AppDelegate.swift */; };
		ABF8EBA91C49776000477D72 /* ViewController.swift in Sources */ = {isa = PBXBuildFile; fileRef = ABF8EBA81C49776000477D72 /* ViewController.swift */; };
		ABF8EBAC1C49776000477D72 /* Main.storyboard in Resources */ = {isa = PBXBuildFile; fileRef = ABF8EBAA1C49776000477D72 /* Main.storyboard */; };
		ABF8EBAE1C49776000477D72 /* Assets.xcassets in Resources */ = {isa = PBXBuildFile; fileRef = ABF8EBAD1C49776000477D72 /* Assets.xcassets */; };
/* End PBXBuildFile section */

/* Begin PBXFileReference section */
		ABF8EBA31C49776000477D72 /* Text.app */ = {isa = PBXFileReference; explicitFileType = wrapper.application; includeInIndex = 0; path = Text.app; sourceTree = BUILT_PRODUCTS_DIR; };
		ABF8EBA61C49776000477D72 /* AppDelegate.swift */ = {isa = PBXFileReference; lastKnownFileType = sourcecode.swift; path = AppDelegate.swift; sourceTree = "<group>"; };
		ABF8EBA81C49776000477D72 /* ViewController.swift */ = {isa = PBXFileReference; lastKnownFileType = sourcecode.swift; path = ViewController.swift; sourceTree = "<group>"; };
		ABF8EBAB1C49776000477D72 /* Base */ = {isa = PBXFileReference; lastKnownFileType = file.storyboard; name = Base; path = Base.lproj/Main.storyboard; sourceTree = "<group>"; };
		ABF8EBAD1C49776000477D72 /* Assets.xcassets */ = {isa = PBXFileReference; lastKnownFileType = folder.assetcatalog; path = Assets.xcassets; sourceTree = "<group>"; };
		ABF8EBAF1C49776000477D72 /* Info.plist */ = {isa = PBXFileReference; lastKnownFileType = text.plist.xml; path = Info.plist; sourceTree = "<group>"; };
/* End PBXFileReference section */

/* Begin PBXFrameworksBuildPhase section */
		ABF8EBA01C49776000477D72 /* Frameworks */ = {
			isa = PBXFrameworksBuildPhase;
			buildActionMask = 2147483647;
			files = (
			);
			runOnlyForDeploymentPostprocessing = 0;
		};
/* End PBXFrameworksBuildPhase section */

/* Begin PBXGroup section */
		ABF8EB9A1C49776000477D72 = {
			isa = PBXGroup;
			children = (
				ABF8EBA51C49776000477D72 /* Text */,
				ABF8EBA41C49776000477D72 /* Products */,
			);
			sourceTree = "<group>";
		};
		ABF8EBA41C49776000477D72 /* Products */ = {
			isa = PBXGroup;
			children = (
				ABF8EBA31C49776000477D72 /* Text.app */,
			);
			name = Products;
			sourceTree = "<group>";
		};
		ABF8EBA51C49776000477D72 /* Text */ = {
			isa = PBXGroup;
			children = (
				ABF8EBA61C49776000477D72 /* AppDelegate.swift */,
				ABF8EBA81C49776000477D72 /* ViewController.swift */,
				ABF8EBAA1C49776000477D72 /* Main.storyboard */,
				ABF8EBAD1C49776000477D72 /* Assets.xcassets */,
				ABF8EBAF1C49776000477D72 /* Info.plist */,
			);
			path = Text;
			sourceTree = "<group>";
		};
/* End PBXGroup section */

/* Begin PBXNativeTarget section */
		ABF8EBA21C49776000477D72 /* Text */ = {
			isa = PBXNativeTarget;
			buildConfigurationList = ABF8EBB21C49776000477D72 /* Build configuration list for PBXNativeTarget "Text" */;
			buildPhases = (
				ABF8EB9F1C49776000477D72 /* Sources */,
				ABF8EBA01C49776000477D72 /* Frameworks */,
				ABF8EBA11C49776000477D72 /* Resources */,
			);
			buildRules = (
			);
			dependencies = (
			);
			name = Text;
			productName = Text;
			productReference = ABF8EBA31C49776000477D72 /* Text.app */;
			productType = "com.apple.product-type.application";
		};
/* End PBXNativeTarget section */

/* Begin PBXProject section */
		ABF8EB9B1C49776000477D72 /* Project object */ = {
			isa = PBXProject;
			attributes = {
				LastSwiftUpdateCheck = 0720;
				LastUpgradeCheck = 0720;
				ORGANIZATIONNAME = "Convo Relay";
				TargetAttributes = {
					ABF8EBA21C49776000477D72 = {
						CreatedOnToolsVersion = 7.2;
					};
				};
			};
			buildConfigurationList = ABF8EB9E1C49776000477D72 /* Build configuration list for PBXProject "Text" */;
			compatibilityVersion = "Xcode 3.2";
			developmentRegion = English;
			hasScannedForEncodings = 0;
			knownRegions = (
				en,
				Base,
			);
			mainGroup = ABF8EB9A1C49776000477D72;
			productRefGroup = ABF8EBA41C49776000477D72 /* Products */;
			projectDirPath = "";
			projectRoot = "";
			targets = (
				ABF8EBA21C49776000477D72 /* Text */,
			);
		};
/* End PBXProject section */

/* Begin PBXResourcesBuildPhase section */
		ABF8EBA11C49776000477D72 /* Resources */ = {
			isa = PBXResourcesBuildPhase;
			buildActionMask = 2147483647;
			files = (
				ABF8EBAE1C49776000477D72 /* Assets.xcassets in Resources */,
				ABF8EBAC1C49776000477D72 /* Main.storyboard in Resources */,
			);
			runOnlyForDeploymentPostprocessing = 0;
		};
/* End PBXResourcesBuildPhase section */

/* Begin PBXSourcesBuildPhase section */
		ABF8EB9F1C49776000477D72 /* Sources */ = {
			isa = PBXSourcesBuildPhase;
			buildActionMask = 2147483647;
			files = (
				ABF8EBA91C49776000477D72 /* ViewController.swift in Sources */,
				ABF8EBA71C49776000477D72 /* AppDelegate.swift in Sources */,
			);
			runOnlyForDeploymentPostprocessing = 0;
		};
/* End PBXSourcesBuildPhase section */

/* Begin PBXVariantGroup section */
		ABF8EBAA1C49776000477D72 /* Main.storyboard */ = {
			isa = PBXVariantGroup;
			children = (
				ABF8EBAB1C49776000477D72 /* Base */,
			);
			name = Main.storyboard;
			sourceTree = "<group>";
		};
/* End PBXVariantGroup section */

/* Begin XCBuildConfiguration section */
		ABF8EBB01C49776000477D72 /* Debug */ = {
			isa = XCBuildConfiguration;
			buildSettings = {
				ALWAYS_SEARCH_USER_PATHS = NO;
				CLANG_CXX_LANGUAGE_STANDARD = "gnu++0x";
				CLANG_CXX_LIBRARY = "libc++";
				CLANG_ENABLE_MODULES = YES;
				CLANG_ENABLE_OBJC_ARC = YES;
				CLANG_WARN_BOOL_CONVERSION = YES;
				CLANG_WARN_CONSTANT_CONVERSION = YES;
				CLANG_WARN_DIRECT_OBJC_ISA_USAGE = YES_ERROR;
				CLANG_WARN_EMPTY_BODY = YES;
				CLANG_WARN_ENUM_CONVERSION = YES;
				CLANG_WARN_INT_CONVERSION = YES;
				CLANG_WARN_OBJC_ROOT_CLASS = YES_ERROR;
				CLANG_WARN_UNREACHABLE_CODE = YES;
				CLANG_WARN__DUPLICATE_METHOD_MATCH = YES;
				COPY_PHASE_STRIP = NO;
				DEBUG_INFORMATION_FORMAT = dwarf;
				ENABLE_STRICT_OBJC_MSGSEND = YES;
				ENABLE_TESTABILITY = YES;
				GCC_C_LANGUAGE_STANDARD = gnu99;
				GCC_DYNAMIC_NO_PIC = NO;
				GCC_NO_COMMON_BLOCKS = YES;
				GCC_OPTIMIZATION_LEVEL = 0;
				GCC_PREPROCESSOR_DEFINITIONS = (
					"DEBUG=1",
					"$(inherited)",
				);
				GCC_WARN_64_TO_32_BIT_CONVERSION = YES;
				GCC_WARN_ABOUT_RETURN_TYPE = YES_ERROR;
				GCC_WARN_UNDECLARED_SELECTOR = YES;
				GCC_WARN_UNINITIALIZED_AUTOS = YES_AGGRESSIVE;
				GCC_WARN_UNUSED_FUNCTION = YES;
				GCC_WARN_UNUSED_VARIABLE = YES;
				MTL_ENABLE_DEBUG_INFO = YES;
				ONLY_ACTIVE_ARCH = YES;
				SDKROOT = appletvos;
				SWIFT_OPTIMIZATION_LEVEL = "-Onone";
				TARGETED_DEVICE_FAMILY = 3;
				TVOS_DEPLOYMENT_TARGET = 9.1;
			};
			name = Debug;
		};
		ABF8EBB11C49776000477D72 /* Release */ = {
			isa = XCBuildConfiguration;
			buildSettings = {
				ALWAYS_SEARCH_USER_PATHS = NO;
				CLANG_CXX_LANGUAGE_STANDARD = "gnu++0x";
				CLANG_CXX_LIBRARY = "libc++";
				CLANG_ENABLE_MODULES = YES;
				CLANG_ENABLE_OBJC_ARC = YES;
				CLANG_WARN_BOOL_CONVERSION = YES;
				CLANG_WARN_CONSTANT_CONVERSION = YES;
				CLANG_WARN_DIRECT_OBJC_ISA_USAGE = YES_ERROR;
				CLANG_WARN_EMPTY_BODY = YES;
				CLANG_WARN_ENUM_CONVERSION = YES;
				CLANG_WARN_INT_CONVERSION = YES;
				CLANG_WARN_OBJC_ROOT_CLASS = YES_ERROR;
				CLANG_WARN_UNREACHABLE_CODE = YES;
				CLANG_WARN__DUPLICATE_METHOD_MATCH = YES;
				COPY_PHASE_STRIP = NO;
				DEBUG_INFORMATION_FORMAT = "dwarf-with-dsym";
				ENABLE_NS_ASSERTIONS = NO;
				ENABLE_STRICT_OBJC_MSGSEND = YES;
				GCC_C_LANGUAGE_STANDARD = gnu99;
				GCC_NO_COMMON_BLOCKS = YES;
				GCC_WARN_64_TO_32_BIT_CONVERSION = YES;
				GCC_WARN_ABOUT_RETURN_TYPE = YES_ERROR;
				GCC_WARN_UNDECLARED_SELECTOR = YES;
				GCC_WARN_UNINITIALIZED_AUTOS = YES_AGGRESSIVE;
				GCC_WARN_UNUSED_FUNCTION = YES;
				GCC_WARN_UNUSED_VARIABLE = YES;
				MTL_ENABLE_DEBUG_INFO = NO;
				SDKROOT = appletvos;
				TARGETED_DEVICE_FAMILY = 3;
				TVOS_DEPLOYMENT_TARGET = 9.1;
				VALIDATE_PRODUCT = YES;
			};
			name = Release;
		};
		ABF8EBB31C49776000477D72 /* Debug */ = {
			isa = XCBuildConfiguration;
			buildSettings = {
				ASSETCATALOG_COMPILER_APPICON_NAME = "App Icon & Top Shelf Image";
				ASSETCATALOG_COMPILER_LAUNCHIMAGE_NAME = LaunchImage;
				INFOPLIST_FILE = Text/Info.plist;
				LD_RUNPATH_SEARCH_PATHS = "$(inherited) @executable_path/Frameworks";
				PRODUCT_BUNDLE_IDENTIFIER = com.convo.Text;
				PRODUCT_NAME = "$(TARGET_NAME)";
			};
			name = Debug;
		};
		ABF8EBB41C49776000477D72 /* Release */ = {
			isa = XCBuildConfiguration;
			buildSettings = {
				ASSETCATALOG_COMPILER_APPICON_NAME = "App Icon & Top Shelf Image";
				ASSETCATALOG_COMPILER_LAUNCHIMAGE_NAME = LaunchImage;
				INFOPLIST_FILE = Text/Info.plist;
				LD_RUNPATH_SEARCH_PATHS = "$(inherited) @executable_path/Frameworks";
				PRODUCT_BUNDLE_IDENTIFIER = com.convo.Text;
				PRODUCT_NAME = "$(TARGET_NAME)";
			};
			name = Release;
		};
/* End XCBuildConfiguration section */

/* Begin XCConfigurationList section */
		ABF8EB9E1C49776000477D72 /* Build configuration list for PBXProject "Text" */ = {
			isa = XCConfigurationList;
			buildConfigurations = (
				ABF8EBB01C49776000477D72 /* Debug */,
				ABF8EBB11C49776000477D72 /* Release */,
			);
			defaultConfigurationIsVisible = 0;
			defaultConfigurationName = Release;
		};
		ABF8EBB21C49776000477D72 /* Build configuration list for PBXNativeTarget "Text" */ = {
			isa = XCConfigurationList;
			buildConfigurations = (
				ABF8EBB31C49776000477D72 /* Debug */,
				ABF8EBB41C49776000477D72 /* Release */,
			);
			defaultConfigurationIsVisible = 0;
		};
/* End XCConfigurationList section */
	};
	rootObject = ABF8EB9B1C49776000477D72 /* Project object */;
}
